PODS:
  - Flutter (1.0.0)
  - flutter_apprtc (0.0.1):
    - Flutter

DEPENDENCIES:
  - Flutter (from `.symlinks/flutter/ios`)
  - flutter_apprtc (from `.symlinks/plugins/flutter_apprtc/ios`)

EXTERNAL SOURCES:
  Flutter:
    :path: ".symlinks/flutter/ios"
  flutter_apprtc:
    :path: ".symlinks/plugins/flutter_apprtc/ios"

SPEC CHECKSUMS:
  Flutter: 58dd7d1b27887414a370fcccb9e645c08ffd7a6a
  flutter_apprtc: fc4f8646adb35e9015cb8ddc01f9fa8035950094

PODFILE CHECKSUM: 7fb83752f59ead6285236625b82473f90b1cb932

COCOAPODS: 1.7.4
